{
  "name": "mvc",
  "lockfileVersion": 3,
  "requires": true,
  "packages": {
    "": {
      "dependencies": {
        "@types/yandex-maps": "^2.1.29"
      }
    },
    "node_modules/@types/yandex-maps": {
      "version": "2.1.29",
      "resolved": "https://registry.npmjs.org/@types/yandex-maps/-/yandex-maps-2.1.29.tgz",
      "integrity": "sha512-nuibRWj3RU/9KXlCzTrRtDE+n6V9l7NbT9JakicqZ5OXIdwyb6blvV2Uwn6lB58WYm3DSUDP2I2AWlnWMc8z2w=="
    }
  }
}
